
Microsoft Visual Studio Solution File, Format Version 12.00
# Visual Studio Version 16
VisualStudioVersion = 16.0.33130.400
MinimumVisualStudioVersion = 10.0.40219.1
Project("{FAE04EC0-301F-11D3-BF4B-00C04F79EFBC}") = "CRUDDemo", "CRUDDemo.csproj", "{301B04BA-8251-42A7-83BF-5297A3E720E3}"
EndProject
Project("{FAE04EC0-301F-11D3-BF4B-00C04F79EFBC}") = "BaseCore", "..\BaseCore\BaseCore.csproj", "{FFDB9749-9F8D-488B-A67E-DE1CBDED59F9}"
EndProject
Project("{FAE04EC0-301F-11D3-BF4B-00C04F79EFBC}") = "CRUDDemo.Business", "..\CRUDDemo.Business\CRUDDemo.Business.csproj", "{CC280298-C0A4-4CB3-8A0D-C16F8C2D281F}"
EndProject
Project("{FAE04EC0-301F-11D3-BF4B-00C04F79EFBC}") = "CRUDDemo.Data", "..\CRUDDemo.Data\CRUDDemo.Data.csproj", "{F3F01194-5B79-4A4C-A600-737DC52E1AE0}"
EndProject
Project("{FAE04EC0-301F-11D3-BF4B-00C04F79EFBC}") = "CRUDDemo.Entity", "..\CRUDDemo.Entity\CRUDDemo.Entity.csproj", "{2BDD829E-5C3A-48FB-8574-2E9C27E4188E}"
EndProject
Project("{FAE04EC0-301F-11D3-BF4B-00C04F79EFBC}") = "BaseUtility", "..\BaseUtility\BaseUtility.csproj", "{2E7C3A10-12EE-44DA-AAB8-990156540A31}"
EndProject
Project("{FAE04EC0-301F-11D3-BF4B-00C04F79EFBC}") = "CRUDDemo.UnitTests", "..\CRUDDemo.UnitTests\CRUDDemo.UnitTests.csproj", "{C14FB1E1-58DB-4E14-950A-A14F5856E0C1}"
EndProject
Global
	GlobalSection(SolutionConfigurationPlatforms) = preSolution
		Debug|Any CPU = Debug|Any CPU
		Release|Any CPU = Release|Any CPU
	EndGlobalSection
	GlobalSection(ProjectConfigurationPlatforms) = postSolution
		{301B04BA-8251-42A7-83BF-5297A3E720E3}.Debug|Any CPU.ActiveCfg = Debug|Any CPU
		{301B04BA-8251-42A7-83BF-5297A3E720E3}.Debug|Any CPU.Build.0 = Debug|Any CPU
		{301B04BA-8251-42A7-83BF-5297A3E720E3}.Release|Any CPU.ActiveCfg = Release|Any CPU
		{301B04BA-8251-42A7-83BF-5297A3E720E3}.Release|Any CPU.Build.0 = Release|Any CPU
		{FFDB9749-9F8D-488B-A67E-DE1CBDED59F9}.Debug|Any CPU.ActiveCfg = Debug|Any CPU
		{FFDB9749-9F8D-488B-A67E-DE1CBDED59F9}.Debug|Any CPU.Build.0 = Debug|Any CPU
		{FFDB9749-9F8D-488B-A67E-DE1CBDED59F9}.Release|Any CPU.ActiveCfg = Release|Any CPU
		{FFDB9749-9F8D-488B-A67E-DE1CBDED59F9}.Release|Any CPU.Build.0 = Release|Any CPU
		{CC280298-C0A4-4CB3-8A0D-C16F8C2D281F}.Debug|Any CPU.ActiveCfg = Debug|Any CPU
		{CC280298-C0A4-4CB3-8A0D-C16F8C2D281F}.Debug|Any CPU.Build.0 = Debug|Any CPU
		{CC280298-C0A4-4CB3-8A0D-C16F8C2D281F}.Release|Any CPU.ActiveCfg = Release|Any CPU
		{CC280298-C0A4-4CB3-8A0D-C16F8C2D281F}.Release|Any CPU.Build.0 = Release|Any CPU
		{F3F01194-5B79-4A4C-A600-737DC52E1AE0}.Debug|Any CPU.ActiveCfg = Debug|Any CPU
		{F3F01194-5B79-4A4C-A600-737DC52E1AE0}.Debug|Any CPU.Build.0 = Debug|Any CPU
		{F3F01194-5B79-4A4C-A600-737DC52E1AE0}.Release|Any CPU.ActiveCfg = Release|Any CPU
		{F3F01194-5B79-4A4C-A600-737DC52E1AE0}.Release|Any CPU.Build.0 = Release|Any CPU
		{2BDD829E-5C3A-48FB-8574-2E9C27E4188E}.Debug|Any CPU.ActiveCfg = Debug|Any CPU
		{2BDD829E-5C3A-48FB-8574-2E9C27E4188E}.Debug|Any CPU.Build.0 = Debug|Any CPU
		{2BDD829E-5C3A-48FB-8574-2E9C27E4188E}.Release|Any CPU.ActiveCfg = Release|Any CPU
		{2BDD829E-5C3A-48FB-8574-2E9C27E4188E}.Release|Any CPU.Build.0 = Release|Any CPU
		{2E7C3A10-12EE-44DA-AAB8-990156540A31}.Debug|Any CPU.ActiveCfg = Debug|Any CPU
		{2E7C3A10-12EE-44DA-AAB8-990156540A31}.Debug|Any CPU.Build.0 = Debug|Any CPU
		{2E7C3A10-12EE-44DA-AAB8-990156540A31}.Release|Any CPU.ActiveCfg = Release|Any CPU
		{2E7C3A10-12EE-44DA-AAB8-990156540A31}.Release|Any CPU.Build.0 = Release|Any CPU
		{C14FB1E1-58DB-4E14-950A-A14F5856E0C1}.Debug|Any CPU.ActiveCfg = Debug|Any CPU
		{C14FB1E1-58DB-4E14-950A-A14F5856E0C1}.Debug|Any CPU.Build.0 = Debug|Any CPU
		{C14FB1E1-58DB-4E14-950A-A14F5856E0C1}.Release|Any CPU.ActiveCfg = Release|Any CPU
		{C14FB1E1-58DB-4E14-950A-A14F5856E0C1}.Release|Any CPU.Build.0 = Release|Any CPU
	EndGlobalSection
	GlobalSection(SolutionProperties) = preSolution
		HideSolutionNode = FALSE
	EndGlobalSection
	GlobalSection(ExtensibilityGlobals) = postSolution
		SolutionGuid = {DE91B0F3-15D0-4C95-96A8-DAE3E9943A58}
	EndGlobalSection
EndGlobal
